
Microsoft Visual Studio Solution File, Format Version 12.00
# Visual Studio Version 17
VisualStudioVersion = 17.3.32825.248
MinimumVisualStudioVersion = 10.0.40219.1
Project("{F184B08F-C81C-45F6-A57F-5ABD9991F28F}") = "6. Single", "6. Single\6. Single.vbproj", "{8CBDF547-2B40-4E12-8734-C0A09DCBBF3F}"
EndProject
Global
	GlobalSection(SolutionConfigurationPlatforms) = preSolution
		Debug|Any CPU = Debug|Any CPU
		Release|Any CPU = Release|Any CPU
	EndGlobalSection
	GlobalSection(ProjectConfigurationPlatforms) = postSolution
		{8CBDF547-2B40-4E12-8734-C0A09DCBBF3F}.Debug|Any CPU.ActiveCfg = Debug|Any CPU
		{8CBDF547-2B40-4E12-8734-C0A09DCBBF3F}.Debug|Any CPU.Build.0 = Debug|Any CPU
		{8CBDF547-2B40-4E12-8734-C0A09DCBBF3F}.Release|Any CPU.ActiveCfg = Release|Any CPU
		{8CBDF547-2B40-4E12-8734-C0A09DCBBF3F}.Release|Any CPU.Build.0 = Release|Any CPU
	EndGlobalSection
	GlobalSection(SolutionProperties) = preSolution
		HideSolutionNode = FALSE
	EndGlobalSection
	GlobalSection(ExtensibilityGlobals) = postSolution
		SolutionGuid = {216B8367-DC1E-43C1-999A-498B30D629AB}
	EndGlobalSection
EndGlobal
