
Microsoft Visual Studio Solution File, Format Version 12.00
# Visual Studio Version 17
VisualStudioVersion = 17.3.32825.248
MinimumVisualStudioVersion = 10.0.40219.1
Project("{F184B08F-C81C-45F6-A57F-5ABD9991F28F}") = "19. For Loop", "19. For Loop.vbproj", "{918D7F2B-ED4B-4A10-9D37-6E117B98B24D}"
EndProject
Global
	GlobalSection(SolutionConfigurationPlatforms) = preSolution
		Debug|Any CPU = Debug|Any CPU
		Release|Any CPU = Release|Any CPU
	EndGlobalSection
	GlobalSection(ProjectConfigurationPlatforms) = postSolution
		{918D7F2B-ED4B-4A10-9D37-6E117B98B24D}.Debug|Any CPU.ActiveCfg = Debug|Any CPU
		{918D7F2B-ED4B-4A10-9D37-6E117B98B24D}.Debug|Any CPU.Build.0 = Debug|Any CPU
		{918D7F2B-ED4B-4A10-9D37-6E117B98B24D}.Release|Any CPU.ActiveCfg = Release|Any CPU
		{918D7F2B-ED4B-4A10-9D37-6E117B98B24D}.Release|Any CPU.Build.0 = Release|Any CPU
	EndGlobalSection
	GlobalSection(SolutionProperties) = preSolution
		HideSolutionNode = FALSE
	EndGlobalSection
	GlobalSection(ExtensibilityGlobals) = postSolution
		SolutionGuid = {6E5FDE91-469A-4386-8BBB-E714D778833F}
	EndGlobalSection
EndGlobal
