
Microsoft Visual Studio Solution File, Format Version 12.00
# Visual Studio Version 17
VisualStudioVersion = 17.3.32825.248
MinimumVisualStudioVersion = 10.0.40219.1
Project("{F184B08F-C81C-45F6-A57F-5ABD9991F28F}") = "HaloDuniaApp", "HaloDuniaApp\HaloDuniaApp.vbproj", "{62FA2074-3B92-4B33-B632-E06D41D7F543}"
EndProject
Global
	GlobalSection(SolutionConfigurationPlatforms) = preSolution
		Debug|Any CPU = Debug|Any CPU
		Release|Any CPU = Release|Any CPU
	EndGlobalSection
	GlobalSection(ProjectConfigurationPlatforms) = postSolution
		{62FA2074-3B92-4B33-B632-E06D41D7F543}.Debug|Any CPU.ActiveCfg = Debug|Any CPU
		{62FA2074-3B92-4B33-B632-E06D41D7F543}.Debug|Any CPU.Build.0 = Debug|Any CPU
		{62FA2074-3B92-4B33-B632-E06D41D7F543}.Release|Any CPU.ActiveCfg = Release|Any CPU
		{62FA2074-3B92-4B33-B632-E06D41D7F543}.Release|Any CPU.Build.0 = Release|Any CPU
	EndGlobalSection
	GlobalSection(SolutionProperties) = preSolution
		HideSolutionNode = FALSE
	EndGlobalSection
	GlobalSection(ExtensibilityGlobals) = postSolution
		SolutionGuid = {EBDCF642-ABEE-4432-BE05-F5DCB5FCCD25}
	EndGlobalSection
EndGlobal
